
Microsoft Visual Studio Solution File, Format Version 12.00
# Visual Studio Version 17
VisualStudioVersion = 17.10.34928.147
MinimumVisualStudioVersion = 10.0.40219.1
Project("{9A19103F-16F7-4668-BE54-9A1E7A4F7556}") = "Auth.Model", "Auth.Model\Auth.Model.csproj", "{9B35B11C-2AE7-47E2-835F-4250EA9CA39A}"
EndProject
Project("{9A19103F-16F7-4668-BE54-9A1E7A4F7556}") = "Auth.Services", "Auth.Services\Auth.Services.csproj", "{5FF805B3-A3DB-4AF7-AA55-9BD32B84C9F2}"
EndProject
Project("{9A19103F-16F7-4668-BE54-9A1E7A4F7556}") = "Auth.Repository", "Auth.Repository\Auth.Repository.csproj", "{FA561206-A405-4470-AC21-7E9B94205D64}"
EndProject
Project("{9A19103F-16F7-4668-BE54-9A1E7A4F7556}") = "Auth.DataHelper", "Auth.DataHelper\Auth.DataHelper.csproj", "{CFBBDEDB-B797-416B-A1CF-5344E0D83DB7}"
EndProject
Project("{9A19103F-16F7-4668-BE54-9A1E7A4F7556}") = "DeltaAuths.API", "DeltaAuths.API\DeltaAuths.API.csproj", "{C3BFD2CF-2323-40D7-AD03-23978A48EB07}"
EndProject
Global
	GlobalSection(SolutionConfigurationPlatforms) = preSolution
		Debug|Any CPU = Debug|Any CPU
		Release|Any CPU = Release|Any CPU
	EndGlobalSection
	GlobalSection(ProjectConfigurationPlatforms) = postSolution
		{9B35B11C-2AE7-47E2-835F-4250EA9CA39A}.Debug|Any CPU.ActiveCfg = Debug|Any CPU
		{9B35B11C-2AE7-47E2-835F-4250EA9CA39A}.Debug|Any CPU.Build.0 = Debug|Any CPU
		{9B35B11C-2AE7-47E2-835F-4250EA9CA39A}.Release|Any CPU.ActiveCfg = Release|Any CPU
		{9B35B11C-2AE7-47E2-835F-4250EA9CA39A}.Release|Any CPU.Build.0 = Release|Any CPU
		{5FF805B3-A3DB-4AF7-AA55-9BD32B84C9F2}.Debug|Any CPU.ActiveCfg = Debug|Any CPU
		{5FF805B3-A3DB-4AF7-AA55-9BD32B84C9F2}.Debug|Any CPU.Build.0 = Debug|Any CPU
		{5FF805B3-A3DB-4AF7-AA55-9BD32B84C9F2}.Release|Any CPU.ActiveCfg = Release|Any CPU
		{5FF805B3-A3DB-4AF7-AA55-9BD32B84C9F2}.Release|Any CPU.Build.0 = Release|Any CPU
		{FA561206-A405-4470-AC21-7E9B94205D64}.Debug|Any CPU.ActiveCfg = Debug|Any CPU
		{FA561206-A405-4470-AC21-7E9B94205D64}.Debug|Any CPU.Build.0 = Debug|Any CPU
		{FA561206-A405-4470-AC21-7E9B94205D64}.Release|Any CPU.ActiveCfg = Release|Any CPU
		{FA561206-A405-4470-AC21-7E9B94205D64}.Release|Any CPU.Build.0 = Release|Any CPU
		{CFBBDEDB-B797-416B-A1CF-5344E0D83DB7}.Debug|Any CPU.ActiveCfg = Debug|Any CPU
		{CFBBDEDB-B797-416B-A1CF-5344E0D83DB7}.Debug|Any CPU.Build.0 = Debug|Any CPU
		{CFBBDEDB-B797-416B-A1CF-5344E0D83DB7}.Release|Any CPU.ActiveCfg = Release|Any CPU
		{CFBBDEDB-B797-416B-A1CF-5344E0D83DB7}.Release|Any CPU.Build.0 = Release|Any CPU
		{C3BFD2CF-2323-40D7-AD03-23978A48EB07}.Debug|Any CPU.ActiveCfg = Debug|Any CPU
		{C3BFD2CF-2323-40D7-AD03-23978A48EB07}.Debug|Any CPU.Build.0 = Debug|Any CPU
		{C3BFD2CF-2323-40D7-AD03-23978A48EB07}.Release|Any CPU.ActiveCfg = Release|Any CPU
		{C3BFD2CF-2323-40D7-AD03-23978A48EB07}.Release|Any CPU.Build.0 = Release|Any CPU
	EndGlobalSection
	GlobalSection(SolutionProperties) = preSolution
		HideSolutionNode = FALSE
	EndGlobalSection
	GlobalSection(ExtensibilityGlobals) = postSolution
		SolutionGuid = {A395E2BA-519A-4B5C-B6AD-539D7A77D44F}
	EndGlobalSection
EndGlobal
